
Microsoft Visual Studio Solution File, Format Version 12.00
# Visual Studio Version 16
VisualStudioVersion = 16.0.30804.86
MinimumVisualStudioVersion = 10.0.40219.1
Project("{FAE04EC0-301F-11D3-BF4B-00C04F79EFBC}") = "DataContextExamples", "DataContextExamples\DataContextExamples.csproj", "{B5ECD91B-2FCE-459E-8696-BFE355299A30}"
EndProject
Global
	GlobalSection(SolutionConfigurationPlatforms) = preSolution
		Debug|Any CPU = Debug|Any CPU
		Release|Any CPU = Release|Any CPU
	EndGlobalSection
	GlobalSection(ProjectConfigurationPlatforms) = postSolution
		{B5ECD91B-2FCE-459E-8696-BFE355299A30}.Debug|Any CPU.ActiveCfg = Debug|Any CPU
		{B5ECD91B-2FCE-459E-8696-BFE355299A30}.Debug|Any CPU.Build.0 = Debug|Any CPU
		{B5ECD91B-2FCE-459E-8696-BFE355299A30}.Release|Any CPU.ActiveCfg = Release|Any CPU
		{B5ECD91B-2FCE-459E-8696-BFE355299A30}.Release|Any CPU.Build.0 = Release|Any CPU
	EndGlobalSection
	GlobalSection(SolutionProperties) = preSolution
		HideSolutionNode = FALSE
	EndGlobalSection
	GlobalSection(ExtensibilityGlobals) = postSolution
		SolutionGuid = {EDDA3207-91E8-45FB-9E92-7CB388FB8D79}
	EndGlobalSection
EndGlobal
